
Microsoft Visual Studio Solution File, Format Version 12.00
# Visual Studio Version 17
VisualStudioVersion = 17.7.34031.279
MinimumVisualStudioVersion = 10.0.40219.1
Project("{FAE04EC0-301F-11D3-BF4B-00C04F79EFBC}") = "lab4", "lab4\lab4.csproj", "{B46246E5-D119-4338-BC86-68B70B2C6D4C}"
EndProject
Project("{FAE04EC0-301F-11D3-BF4B-00C04F79EFBC}") = "MatrixSumTests", "MatrixSumTests\MatrixSumTests.csproj", "{B302D091-88F5-4987-A9E2-F9A28C662945}"
EndProject
Global
	GlobalSection(SolutionConfigurationPlatforms) = preSolution
		Debug|Any CPU = Debug|Any CPU
		Release|Any CPU = Release|Any CPU
	EndGlobalSection
	GlobalSection(ProjectConfigurationPlatforms) = postSolution
		{B46246E5-D119-4338-BC86-68B70B2C6D4C}.Debug|Any CPU.ActiveCfg = Debug|Any CPU
		{B46246E5-D119-4338-BC86-68B70B2C6D4C}.Debug|Any CPU.Build.0 = Debug|Any CPU
		{B46246E5-D119-4338-BC86-68B70B2C6D4C}.Release|Any CPU.ActiveCfg = Release|Any CPU
		{B46246E5-D119-4338-BC86-68B70B2C6D4C}.Release|Any CPU.Build.0 = Release|Any CPU
		{B302D091-88F5-4987-A9E2-F9A28C662945}.Debug|Any CPU.ActiveCfg = Debug|Any CPU
		{B302D091-88F5-4987-A9E2-F9A28C662945}.Debug|Any CPU.Build.0 = Debug|Any CPU
		{B302D091-88F5-4987-A9E2-F9A28C662945}.Release|Any CPU.ActiveCfg = Release|Any CPU
		{B302D091-88F5-4987-A9E2-F9A28C662945}.Release|Any CPU.Build.0 = Release|Any CPU
	EndGlobalSection
	GlobalSection(SolutionProperties) = preSolution
		HideSolutionNode = FALSE
	EndGlobalSection
	GlobalSection(ExtensibilityGlobals) = postSolution
		SolutionGuid = {836A9325-12C0-4C85-999A-D7CDE35D1F49}
	EndGlobalSection
EndGlobal
